
Microsoft Visual Studio Solution File, Format Version 12.00
# Visual Studio Version 17
VisualStudioVersion = 17.9.34607.119
MinimumVisualStudioVersion = 10.0.40219.1
Project("{FAE04EC0-301F-11D3-BF4B-00C04F79EFBC}") = "FurnitureHuB", "FurnitureHuB\FurnitureHuB.csproj", "{9FC641B1-BB6D-459C-8F31-0AF5B1FE4989}"
EndProject
Project("{FAE04EC0-301F-11D3-BF4B-00C04F79EFBC}") = "DataAccessLayer", "DataAccessLayer\DataAccessLayer.csproj", "{B363EF66-1082-4A1F-83B4-1B96B0C55E8A}"
EndProject
Project("{FAE04EC0-301F-11D3-BF4B-00C04F79EFBC}") = "BussniesLogicLayer", "BussniesLogicLayer\BussniesLogicLayer.csproj", "{3B9064CC-7151-4E3B-B48E-564CD401A183}"
EndProject
Global
	GlobalSection(SolutionConfigurationPlatforms) = preSolution
		Debug|Any CPU = Debug|Any CPU
		Release|Any CPU = Release|Any CPU
	EndGlobalSection
	GlobalSection(ProjectConfigurationPlatforms) = postSolution
		{9FC641B1-BB6D-459C-8F31-0AF5B1FE4989}.Debug|Any CPU.ActiveCfg = Debug|Any CPU
		{9FC641B1-BB6D-459C-8F31-0AF5B1FE4989}.Debug|Any CPU.Build.0 = Debug|Any CPU
		{9FC641B1-BB6D-459C-8F31-0AF5B1FE4989}.Release|Any CPU.ActiveCfg = Release|Any CPU
		{9FC641B1-BB6D-459C-8F31-0AF5B1FE4989}.Release|Any CPU.Build.0 = Release|Any CPU
		{B363EF66-1082-4A1F-83B4-1B96B0C55E8A}.Debug|Any CPU.ActiveCfg = Debug|Any CPU
		{B363EF66-1082-4A1F-83B4-1B96B0C55E8A}.Debug|Any CPU.Build.0 = Debug|Any CPU
		{B363EF66-1082-4A1F-83B4-1B96B0C55E8A}.Release|Any CPU.ActiveCfg = Release|Any CPU
		{B363EF66-1082-4A1F-83B4-1B96B0C55E8A}.Release|Any CPU.Build.0 = Release|Any CPU
		{3B9064CC-7151-4E3B-B48E-564CD401A183}.Debug|Any CPU.ActiveCfg = Debug|Any CPU
		{3B9064CC-7151-4E3B-B48E-564CD401A183}.Debug|Any CPU.Build.0 = Debug|Any CPU
		{3B9064CC-7151-4E3B-B48E-564CD401A183}.Release|Any CPU.ActiveCfg = Release|Any CPU
		{3B9064CC-7151-4E3B-B48E-564CD401A183}.Release|Any CPU.Build.0 = Release|Any CPU
	EndGlobalSection
	GlobalSection(SolutionProperties) = preSolution
		HideSolutionNode = FALSE
	EndGlobalSection
	GlobalSection(ExtensibilityGlobals) = postSolution
		SolutionGuid = {14E4E5D6-EC53-4659-9DC0-2B4F16BA0CFA}
	EndGlobalSection
EndGlobal
